#!r6rs ; -*- mode: scheme; coding: utf-8 -*-
;; This file is automatically generated - do not change it by hand.
(import (akku format lockfile))
(projects
  ((name (slib common))
    (location
      (url "http://snow-fort.org/s/peterlane.info/peter/slib/common/SLIB-3b5-r7rs/slib-common-SLIB-3b5-r7rs.tgz"))
    (content
      (sha256
        "3f40923df702c9517b9066f30434bccbc6c9fa67d9b6c12f6ab3737eacd3eaf0")))
  ((name (slib generic-write))
    (location
      (url "http://snow-fort.org/s/peterlane.info/peter/slib/generic-write/SLIB-3b5-r7rs/slib-generic-write-SLIB-3b5-r7rs.tgz"))
    (content
      (sha256
        "31e2c198c67b4334d45a95011912990bc261013e36a211cdc51670368e93a129")))
  ((name (slib pretty-print))
    (location
      (url "http://snow-fort.org/s/peterlane.info/peter/slib/pretty-print/SLIB-3b5-r7rs/slib-pretty-print-SLIB-3b5-r7rs.tgz"))
    (content
      (sha256
        "ca76f30ada0dc85e99ac1442cb7f2ff72bd203c4917d0c483308e38029c56393")))
  ((name (slib string-case))
    (location
      (url "http://snow-fort.org/s/peterlane.info/peter/slib/string-case/SLIB-3b5-r7rs/slib-string-case-SLIB-3b5-r7rs.tgz"))
    (content
      (sha256
        "d1e81607bd042ef694ff1ddbcc61e6a11e7b0af08dd70e228e23afcb40ac24f8")))
  ((name (slib string-port))
    (location
      (url "http://snow-fort.org/s/peterlane.info/peter/slib/string-port/SLIB-3b5-r7rs/slib-string-port-SLIB-3b5-r7rs.tgz"))
    (content
      (sha256
        "a36d8f1643a41db17fc8e9f1971148d997fcfc4ecf745a9ee4bc007a56c72c83")))
  ((name "akku-r7rs")
    (location
      (url "https://archive.akkuscm.org/archive/pkg/a/akku-r7rs_1.0.1_repack.tar.xz"))
    (content
      (sha256
        "dedce2bc5eda6735aa5880741802a5b508b49c3b327d14b40e9fecbdf86353db")))
  ((name "laesare")
    (location
      (url "https://archive.akkuscm.org/archive/pkg/l/laesare_1.0.0_repack.tar.xz"))
    (content
      (sha256
        "bd9c6cf5dabc9fc961094e0bf3f7339b7ad13902cb80a1e62377d57991548d7b")))
  ((name (slib format))
    (location
      (url "http://snow-fort.org/s/peterlane.info/peter/slib/format/SLIB-3b5-r7rs/slib-format-SLIB-3b5-r7rs.tgz"))
    (content
      (sha256
        "5fa9e9b5a66ad7fb896fcd37c4b97e1c450c7133b2b7b917ee3d19cddf7d4cbb")))
  ((name "chez-srfi")
    (location
      (url "https://archive.akkuscm.org/archive/pkg/c/chez-srfi_0.0.0-akku.181.7879b52_repack.tar.xz"))
    (content
      (sha256
        "f002bc7fc669b5980c885a5fb6770f8e016b06761e8e9755154bfa3a4f578fcb"))))
