#!r6rs ; -*- mode: scheme; coding: utf-8 -*-
;; This file is automatically generated - do not change it by hand.
(import (akku format lockfile))
(projects
  ((name "chez-srfi")
    (location
      (url "https://archive.akkuscm.org/archive/pkg/c/chez-srfi_0.0.0-akku.113.5cfad65_repack.tar.xz"))
    (content
      (sha256
        "15913a009d7da1c82ea2dec088a24ac181c4b76b2931a04e217c2e26e387fbc1"))))
